<Solution>
  <Folder Name="/Microservices/">
    <Project Path="Microservices/Doccure.BranchService/Doccure.BranchService.csproj" />
    <Project Path="Microservices/Doccure.DoctorService/Doccure.DoctorService.csproj" Id="7374e682-8eea-4c08-9bd7-8cd8a937699c" />
    <Project Path="Microservices/Doccure.ReviewService/Doccure.ReviewService.csproj" Id="205b3640-c2d2-4d6f-aa97-630253103835" />
  </Folder>
</Solution>
