<Solution>
  <Folder Name="/Frontends/">
    <Project Path="Frontends/Doccure.WebUI/Doccure.WebUI.csproj" />
  </Folder>
  <Folder Name="/Microservices/">
    <Project Path="Microservices/Doccure.AppointmentService/Doccure.AppointmentService.csproj" />
    <Project Path="Microservices/Doccure.BranchService/Doccure.BranchService.csproj" />
    <Project Path="Microservices/Doccure.DoctorService/Doccure.DoctorService.csproj" />
    <Project Path="Microservices/Doccure.IdentityService/Doccure.IdentityService.csproj" />
    <Project Path="Microservices/Doccure.PrescriptionService/Doccure.PrescriptionService.csproj" />
    <Project Path="Microservices/Doccure.ReviewService/Doccure.ReviewService.csproj" />
  </Folder>
</Solution>
